
Microsoft Visual Studio Solution File, Format Version 12.00
# Visual Studio Version 17
VisualStudioVersion = 17.2.32616.157
MinimumVisualStudioVersion = 10.0.40219.1
Project("{FAE04EC0-301F-11D3-BF4B-00C04F79EFBC}") = "DJT.AspNetCore", "DJT.AspNetCore\DJT.AspNetCore.csproj", "{2BF83ADD-870D-4BB9-AFC2-5798359B04DE}"
EndProject
Global
	GlobalSection(SolutionConfigurationPlatforms) = preSolution
		Debug|Any CPU = Debug|Any CPU
		Release|Any CPU = Release|Any CPU
	EndGlobalSection
	GlobalSection(ProjectConfigurationPlatforms) = postSolution
		{2BF83ADD-870D-4BB9-AFC2-5798359B04DE}.Debug|Any CPU.ActiveCfg = Debug|Any CPU
		{2BF83ADD-870D-4BB9-AFC2-5798359B04DE}.Debug|Any CPU.Build.0 = Debug|Any CPU
		{2BF83ADD-870D-4BB9-AFC2-5798359B04DE}.Release|Any CPU.ActiveCfg = Release|Any CPU
		{2BF83ADD-870D-4BB9-AFC2-5798359B04DE}.Release|Any CPU.Build.0 = Release|Any CPU
	EndGlobalSection
	GlobalSection(SolutionProperties) = preSolution
		HideSolutionNode = FALSE
	EndGlobalSection
	GlobalSection(ExtensibilityGlobals) = postSolution
		SolutionGuid = {58BC62AF-4123-4F4D-9CF3-3133A9465CE8}
	EndGlobalSection
EndGlobal
